
Microsoft Visual Studio Solution File, Format Version 12.00
# Visual Studio Version 17
VisualStudioVersion = 17.9.34902.65
MinimumVisualStudioVersion = 10.0.40219.1
Project("{FAE04EC0-301F-11D3-BF4B-00C04F79EFBC}") = "EurekabankEscritorioCliente", "EurekabankEscritorioCliente\EurekabankEscritorioCliente.csproj", "{D3C19754-F1E3-4779-A4EB-6774B2E2763B}"
EndProject
Global
	GlobalSection(SolutionConfigurationPlatforms) = preSolution
		Debug|Any CPU = Debug|Any CPU
		Release|Any CPU = Release|Any CPU
	EndGlobalSection
	GlobalSection(ProjectConfigurationPlatforms) = postSolution
		{D3C19754-F1E3-4779-A4EB-6774B2E2763B}.Debug|Any CPU.ActiveCfg = Debug|Any CPU
		{D3C19754-F1E3-4779-A4EB-6774B2E2763B}.Debug|Any CPU.Build.0 = Debug|Any CPU
		{D3C19754-F1E3-4779-A4EB-6774B2E2763B}.Release|Any CPU.ActiveCfg = Release|Any CPU
		{D3C19754-F1E3-4779-A4EB-6774B2E2763B}.Release|Any CPU.Build.0 = Release|Any CPU
	EndGlobalSection
	GlobalSection(SolutionProperties) = preSolution
		HideSolutionNode = FALSE
	EndGlobalSection
	GlobalSection(ExtensibilityGlobals) = postSolution
		SolutionGuid = {0151DCDF-B57D-40EB-A0A2-DD63D6B77904}
	EndGlobalSection
EndGlobal
